
Microsoft Visual Studio Solution File, Format Version 12.00
# Visual Studio 15
VisualStudioVersion = 15.0.27428.2015
MinimumVisualStudioVersion = 10.0.40219.1
Project("{FAE04EC0-301F-11D3-BF4B-00C04F79EFBC}") = "WpfApp2", "WpfApp2\WpfApp2.csproj", "{AF319693-F8B4-4192-940E-9BD78EF2509A}"
EndProject
Global
	GlobalSection(SolutionConfigurationPlatforms) = preSolution
		Debug|Any CPU = Debug|Any CPU
		Release|Any CPU = Release|Any CPU
	EndGlobalSection
	GlobalSection(ProjectConfigurationPlatforms) = postSolution
		{AF319693-F8B4-4192-940E-9BD78EF2509A}.Debug|Any CPU.ActiveCfg = Debug|Any CPU
		{AF319693-F8B4-4192-940E-9BD78EF2509A}.Debug|Any CPU.Build.0 = Debug|Any CPU
		{AF319693-F8B4-4192-940E-9BD78EF2509A}.Release|Any CPU.ActiveCfg = Release|Any CPU
		{AF319693-F8B4-4192-940E-9BD78EF2509A}.Release|Any CPU.Build.0 = Release|Any CPU
	EndGlobalSection
	GlobalSection(SolutionProperties) = preSolution
		HideSolutionNode = FALSE
	EndGlobalSection
	GlobalSection(ExtensibilityGlobals) = postSolution
		SolutionGuid = {6FF40881-25F8-4553-855E-E5AA16F56340}
	EndGlobalSection
EndGlobal
