
Microsoft Visual Studio Solution File, Format Version 12.00
# Visual Studio 15
VisualStudioVersion = 15.0.27428.2015
MinimumVisualStudioVersion = 10.0.40219.1
Project("{FAE04EC0-301F-11D3-BF4B-00C04F79EFBC}") = "ConsoleApp42", "ConsoleApp42\ConsoleApp42.csproj", "{F4C4EA99-FC3D-4AF4-BF1C-1F51F94C27CE}"
EndProject
Global
	GlobalSection(SolutionConfigurationPlatforms) = preSolution
		Debug|Any CPU = Debug|Any CPU
		Release|Any CPU = Release|Any CPU
	EndGlobalSection
	GlobalSection(ProjectConfigurationPlatforms) = postSolution
		{F4C4EA99-FC3D-4AF4-BF1C-1F51F94C27CE}.Debug|Any CPU.ActiveCfg = Debug|Any CPU
		{F4C4EA99-FC3D-4AF4-BF1C-1F51F94C27CE}.Debug|Any CPU.Build.0 = Debug|Any CPU
		{F4C4EA99-FC3D-4AF4-BF1C-1F51F94C27CE}.Release|Any CPU.ActiveCfg = Release|Any CPU
		{F4C4EA99-FC3D-4AF4-BF1C-1F51F94C27CE}.Release|Any CPU.Build.0 = Release|Any CPU
	EndGlobalSection
	GlobalSection(SolutionProperties) = preSolution
		HideSolutionNode = FALSE
	EndGlobalSection
	GlobalSection(ExtensibilityGlobals) = postSolution
		SolutionGuid = {EAD7298A-74DB-4483-9EBD-2B1FF7EB49B9}
	EndGlobalSection
EndGlobal
