
Microsoft Visual Studio Solution File, Format Version 12.00
# Visual Studio 15
VisualStudioVersion = 15.0.27428.2015
MinimumVisualStudioVersion = 10.0.40219.1
Project("{FAE04EC0-301F-11D3-BF4B-00C04F79EFBC}") = "ConsoleApp1", "ConsoleApp1\ConsoleApp1.csproj", "{601FFC6D-B80F-4A90-A5B8-E0E1A51D1DAE}"
EndProject
Global
	GlobalSection(SolutionConfigurationPlatforms) = preSolution
		Debug|Any CPU = Debug|Any CPU
		Release|Any CPU = Release|Any CPU
	EndGlobalSection
	GlobalSection(ProjectConfigurationPlatforms) = postSolution
		{601FFC6D-B80F-4A90-A5B8-E0E1A51D1DAE}.Debug|Any CPU.ActiveCfg = Debug|Any CPU
		{601FFC6D-B80F-4A90-A5B8-E0E1A51D1DAE}.Debug|Any CPU.Build.0 = Debug|Any CPU
		{601FFC6D-B80F-4A90-A5B8-E0E1A51D1DAE}.Release|Any CPU.ActiveCfg = Release|Any CPU
		{601FFC6D-B80F-4A90-A5B8-E0E1A51D1DAE}.Release|Any CPU.Build.0 = Release|Any CPU
	EndGlobalSection
	GlobalSection(SolutionProperties) = preSolution
		HideSolutionNode = FALSE
	EndGlobalSection
	GlobalSection(ExtensibilityGlobals) = postSolution
		SolutionGuid = {3B1252D4-D118-4D78-9206-B03738B7F681}
	EndGlobalSection
EndGlobal
