
Microsoft Visual Studio Solution File, Format Version 12.00
# Visual Studio 15
VisualStudioVersion = 15.0.27428.2015
MinimumVisualStudioVersion = 10.0.40219.1
Project("{FAE04EC0-301F-11D3-BF4B-00C04F79EFBC}") = "ConsoleApp18", "ConsoleApp18\ConsoleApp18.csproj", "{6EB38E3F-0FFA-4189-AC7D-C791C48DE400}"
EndProject
Global
	GlobalSection(SolutionConfigurationPlatforms) = preSolution
		Debug|Any CPU = Debug|Any CPU
		Release|Any CPU = Release|Any CPU
	EndGlobalSection
	GlobalSection(ProjectConfigurationPlatforms) = postSolution
		{6EB38E3F-0FFA-4189-AC7D-C791C48DE400}.Debug|Any CPU.ActiveCfg = Debug|Any CPU
		{6EB38E3F-0FFA-4189-AC7D-C791C48DE400}.Debug|Any CPU.Build.0 = Debug|Any CPU
		{6EB38E3F-0FFA-4189-AC7D-C791C48DE400}.Release|Any CPU.ActiveCfg = Release|Any CPU
		{6EB38E3F-0FFA-4189-AC7D-C791C48DE400}.Release|Any CPU.Build.0 = Release|Any CPU
	EndGlobalSection
	GlobalSection(SolutionProperties) = preSolution
		HideSolutionNode = FALSE
	EndGlobalSection
	GlobalSection(ExtensibilityGlobals) = postSolution
		SolutionGuid = {AF5A67D6-5DE6-4693-912B-A730A2A60728}
	EndGlobalSection
EndGlobal
