
Microsoft Visual Studio Solution File, Format Version 12.00
# Visual Studio 15
VisualStudioVersion = 15.0.27428.2015
MinimumVisualStudioVersion = 10.0.40219.1
Project("{FAE04EC0-301F-11D3-BF4B-00C04F79EFBC}") = "ConsoleApp7", "ConsoleApp7\ConsoleApp7.csproj", "{2F02C6A0-0121-4965-9B99-462E3B284AA4}"
EndProject
Global
	GlobalSection(SolutionConfigurationPlatforms) = preSolution
		Debug|Any CPU = Debug|Any CPU
		Release|Any CPU = Release|Any CPU
	EndGlobalSection
	GlobalSection(ProjectConfigurationPlatforms) = postSolution
		{2F02C6A0-0121-4965-9B99-462E3B284AA4}.Debug|Any CPU.ActiveCfg = Debug|Any CPU
		{2F02C6A0-0121-4965-9B99-462E3B284AA4}.Debug|Any CPU.Build.0 = Debug|Any CPU
		{2F02C6A0-0121-4965-9B99-462E3B284AA4}.Release|Any CPU.ActiveCfg = Release|Any CPU
		{2F02C6A0-0121-4965-9B99-462E3B284AA4}.Release|Any CPU.Build.0 = Release|Any CPU
	EndGlobalSection
	GlobalSection(SolutionProperties) = preSolution
		HideSolutionNode = FALSE
	EndGlobalSection
	GlobalSection(ExtensibilityGlobals) = postSolution
		SolutionGuid = {BBF76D08-3DB2-4351-8EAD-9F0836B9EAD6}
	EndGlobalSection
EndGlobal
