
Microsoft Visual Studio Solution File, Format Version 12.00
# Visual Studio 15
VisualStudioVersion = 15.0.27428.2015
MinimumVisualStudioVersion = 10.0.40219.1
Project("{FAE04EC0-301F-11D3-BF4B-00C04F79EFBC}") = "ConsoleApp16", "ConsoleApp16\ConsoleApp16.csproj", "{4A59AFA2-670A-4B2C-9622-10CD5DF9203A}"
EndProject
Global
	GlobalSection(SolutionConfigurationPlatforms) = preSolution
		Debug|Any CPU = Debug|Any CPU
		Release|Any CPU = Release|Any CPU
	EndGlobalSection
	GlobalSection(ProjectConfigurationPlatforms) = postSolution
		{4A59AFA2-670A-4B2C-9622-10CD5DF9203A}.Debug|Any CPU.ActiveCfg = Debug|Any CPU
		{4A59AFA2-670A-4B2C-9622-10CD5DF9203A}.Debug|Any CPU.Build.0 = Debug|Any CPU
		{4A59AFA2-670A-4B2C-9622-10CD5DF9203A}.Release|Any CPU.ActiveCfg = Release|Any CPU
		{4A59AFA2-670A-4B2C-9622-10CD5DF9203A}.Release|Any CPU.Build.0 = Release|Any CPU
	EndGlobalSection
	GlobalSection(SolutionProperties) = preSolution
		HideSolutionNode = FALSE
	EndGlobalSection
	GlobalSection(ExtensibilityGlobals) = postSolution
		SolutionGuid = {4023BB26-3EEC-4AC2-994D-E98D3D2D3685}
	EndGlobalSection
EndGlobal
