
Microsoft Visual Studio Solution File, Format Version 12.00
# Visual Studio 15
VisualStudioVersion = 15.0.27428.2015
MinimumVisualStudioVersion = 10.0.40219.1
Project("{FAE04EC0-301F-11D3-BF4B-00C04F79EFBC}") = "ConsoleApp59", "ConsoleApp59\ConsoleApp59.csproj", "{AF446E97-4836-436A-9EB8-70A18AD0E49D}"
EndProject
Global
	GlobalSection(SolutionConfigurationPlatforms) = preSolution
		Debug|Any CPU = Debug|Any CPU
		Release|Any CPU = Release|Any CPU
	EndGlobalSection
	GlobalSection(ProjectConfigurationPlatforms) = postSolution
		{AF446E97-4836-436A-9EB8-70A18AD0E49D}.Debug|Any CPU.ActiveCfg = Debug|Any CPU
		{AF446E97-4836-436A-9EB8-70A18AD0E49D}.Debug|Any CPU.Build.0 = Debug|Any CPU
		{AF446E97-4836-436A-9EB8-70A18AD0E49D}.Release|Any CPU.ActiveCfg = Release|Any CPU
		{AF446E97-4836-436A-9EB8-70A18AD0E49D}.Release|Any CPU.Build.0 = Release|Any CPU
	EndGlobalSection
	GlobalSection(SolutionProperties) = preSolution
		HideSolutionNode = FALSE
	EndGlobalSection
	GlobalSection(ExtensibilityGlobals) = postSolution
		SolutionGuid = {9E8D752D-E5BB-41B1-9B9B-D67C4193CABC}
	EndGlobalSection
EndGlobal
