
Microsoft Visual Studio Solution File, Format Version 12.00
# Visual Studio 15
VisualStudioVersion = 15.0.27428.2015
MinimumVisualStudioVersion = 10.0.40219.1
Project("{FAE04EC0-301F-11D3-BF4B-00C04F79EFBC}") = "ConsoleApp11", "ConsoleApp11\ConsoleApp11.csproj", "{A9968710-DB91-40F0-86F6-413DA1799FA9}"
EndProject
Global
	GlobalSection(SolutionConfigurationPlatforms) = preSolution
		Debug|Any CPU = Debug|Any CPU
		Release|Any CPU = Release|Any CPU
	EndGlobalSection
	GlobalSection(ProjectConfigurationPlatforms) = postSolution
		{A9968710-DB91-40F0-86F6-413DA1799FA9}.Debug|Any CPU.ActiveCfg = Debug|Any CPU
		{A9968710-DB91-40F0-86F6-413DA1799FA9}.Debug|Any CPU.Build.0 = Debug|Any CPU
		{A9968710-DB91-40F0-86F6-413DA1799FA9}.Release|Any CPU.ActiveCfg = Release|Any CPU
		{A9968710-DB91-40F0-86F6-413DA1799FA9}.Release|Any CPU.Build.0 = Release|Any CPU
	EndGlobalSection
	GlobalSection(SolutionProperties) = preSolution
		HideSolutionNode = FALSE
	EndGlobalSection
	GlobalSection(ExtensibilityGlobals) = postSolution
		SolutionGuid = {41E6485F-DF84-4B7A-B73A-E574D3C32FC3}
	EndGlobalSection
EndGlobal
