
Microsoft Visual Studio Solution File, Format Version 12.00
# Visual Studio 15
VisualStudioVersion = 15.0.27428.2015
MinimumVisualStudioVersion = 10.0.40219.1
Project("{FAE04EC0-301F-11D3-BF4B-00C04F79EFBC}") = "ConsoleApp29", "ConsoleApp29\ConsoleApp29.csproj", "{3FC73257-6E51-4D4E-A41B-6EE1FB387D24}"
EndProject
Global
	GlobalSection(SolutionConfigurationPlatforms) = preSolution
		Debug|Any CPU = Debug|Any CPU
		Release|Any CPU = Release|Any CPU
	EndGlobalSection
	GlobalSection(ProjectConfigurationPlatforms) = postSolution
		{3FC73257-6E51-4D4E-A41B-6EE1FB387D24}.Debug|Any CPU.ActiveCfg = Debug|Any CPU
		{3FC73257-6E51-4D4E-A41B-6EE1FB387D24}.Debug|Any CPU.Build.0 = Debug|Any CPU
		{3FC73257-6E51-4D4E-A41B-6EE1FB387D24}.Release|Any CPU.ActiveCfg = Release|Any CPU
		{3FC73257-6E51-4D4E-A41B-6EE1FB387D24}.Release|Any CPU.Build.0 = Release|Any CPU
	EndGlobalSection
	GlobalSection(SolutionProperties) = preSolution
		HideSolutionNode = FALSE
	EndGlobalSection
	GlobalSection(ExtensibilityGlobals) = postSolution
		SolutionGuid = {CC0B7B7B-7F24-48F1-A816-5C31F7A688FA}
	EndGlobalSection
EndGlobal
