
Microsoft Visual Studio Solution File, Format Version 12.00
# Visual Studio 15
VisualStudioVersion = 15.0.27428.2015
MinimumVisualStudioVersion = 10.0.40219.1
Project("{FAE04EC0-301F-11D3-BF4B-00C04F79EFBC}") = "ConsoleApp27", "ConsoleApp27\ConsoleApp27.csproj", "{DE06EA8C-3874-4DAB-8C8C-8CD94958105C}"
EndProject
Global
	GlobalSection(SolutionConfigurationPlatforms) = preSolution
		Debug|Any CPU = Debug|Any CPU
		Release|Any CPU = Release|Any CPU
	EndGlobalSection
	GlobalSection(ProjectConfigurationPlatforms) = postSolution
		{DE06EA8C-3874-4DAB-8C8C-8CD94958105C}.Debug|Any CPU.ActiveCfg = Debug|Any CPU
		{DE06EA8C-3874-4DAB-8C8C-8CD94958105C}.Debug|Any CPU.Build.0 = Debug|Any CPU
		{DE06EA8C-3874-4DAB-8C8C-8CD94958105C}.Release|Any CPU.ActiveCfg = Release|Any CPU
		{DE06EA8C-3874-4DAB-8C8C-8CD94958105C}.Release|Any CPU.Build.0 = Release|Any CPU
	EndGlobalSection
	GlobalSection(SolutionProperties) = preSolution
		HideSolutionNode = FALSE
	EndGlobalSection
	GlobalSection(ExtensibilityGlobals) = postSolution
		SolutionGuid = {046CE9A4-B95C-445D-8D52-7207EBC6327A}
	EndGlobalSection
EndGlobal
