
Microsoft Visual Studio Solution File, Format Version 12.00
# Visual Studio 15
VisualStudioVersion = 15.0.27428.2015
MinimumVisualStudioVersion = 10.0.40219.1
Project("{FAE04EC0-301F-11D3-BF4B-00C04F79EFBC}") = "WindowsFormsApp1", "WindowsFormsApp1\WindowsFormsApp1.csproj", "{7DAB8A43-83D8-4E25-8814-A9AE001AF067}"
EndProject
Global
	GlobalSection(SolutionConfigurationPlatforms) = preSolution
		Debug|Any CPU = Debug|Any CPU
		Release|Any CPU = Release|Any CPU
	EndGlobalSection
	GlobalSection(ProjectConfigurationPlatforms) = postSolution
		{7DAB8A43-83D8-4E25-8814-A9AE001AF067}.Debug|Any CPU.ActiveCfg = Debug|Any CPU
		{7DAB8A43-83D8-4E25-8814-A9AE001AF067}.Debug|Any CPU.Build.0 = Debug|Any CPU
		{7DAB8A43-83D8-4E25-8814-A9AE001AF067}.Release|Any CPU.ActiveCfg = Release|Any CPU
		{7DAB8A43-83D8-4E25-8814-A9AE001AF067}.Release|Any CPU.Build.0 = Release|Any CPU
	EndGlobalSection
	GlobalSection(SolutionProperties) = preSolution
		HideSolutionNode = FALSE
	EndGlobalSection
	GlobalSection(ExtensibilityGlobals) = postSolution
		SolutionGuid = {781877FE-E653-4B7D-A633-01F12E05E3F1}
	EndGlobalSection
EndGlobal
