
Microsoft Visual Studio Solution File, Format Version 12.00
# Visual Studio 15
VisualStudioVersion = 15.0.27428.2015
MinimumVisualStudioVersion = 10.0.40219.1
Project("{FAE04EC0-301F-11D3-BF4B-00C04F79EFBC}") = "ConsoleApp53", "ConsoleApp53\ConsoleApp53.csproj", "{89DC6BAD-8891-426D-BDA5-02F84E42D548}"
EndProject
Global
	GlobalSection(SolutionConfigurationPlatforms) = preSolution
		Debug|Any CPU = Debug|Any CPU
		Release|Any CPU = Release|Any CPU
	EndGlobalSection
	GlobalSection(ProjectConfigurationPlatforms) = postSolution
		{89DC6BAD-8891-426D-BDA5-02F84E42D548}.Debug|Any CPU.ActiveCfg = Debug|Any CPU
		{89DC6BAD-8891-426D-BDA5-02F84E42D548}.Debug|Any CPU.Build.0 = Debug|Any CPU
		{89DC6BAD-8891-426D-BDA5-02F84E42D548}.Release|Any CPU.ActiveCfg = Release|Any CPU
		{89DC6BAD-8891-426D-BDA5-02F84E42D548}.Release|Any CPU.Build.0 = Release|Any CPU
	EndGlobalSection
	GlobalSection(SolutionProperties) = preSolution
		HideSolutionNode = FALSE
	EndGlobalSection
	GlobalSection(ExtensibilityGlobals) = postSolution
		SolutionGuid = {3EB7C8EC-4CB9-4B05-8DA4-6FE92757F117}
	EndGlobalSection
EndGlobal
