
Microsoft Visual Studio Solution File, Format Version 12.00
# Visual Studio 15
VisualStudioVersion = 15.0.27428.2015
MinimumVisualStudioVersion = 10.0.40219.1
Project("{FAE04EC0-301F-11D3-BF4B-00C04F79EFBC}") = "ConsoleApp38", "ConsoleApp38\ConsoleApp38.csproj", "{A0A590E2-6814-4AF0-849E-F1C84F7B5A49}"
EndProject
Global
	GlobalSection(SolutionConfigurationPlatforms) = preSolution
		Debug|Any CPU = Debug|Any CPU
		Release|Any CPU = Release|Any CPU
	EndGlobalSection
	GlobalSection(ProjectConfigurationPlatforms) = postSolution
		{A0A590E2-6814-4AF0-849E-F1C84F7B5A49}.Debug|Any CPU.ActiveCfg = Debug|Any CPU
		{A0A590E2-6814-4AF0-849E-F1C84F7B5A49}.Debug|Any CPU.Build.0 = Debug|Any CPU
		{A0A590E2-6814-4AF0-849E-F1C84F7B5A49}.Release|Any CPU.ActiveCfg = Release|Any CPU
		{A0A590E2-6814-4AF0-849E-F1C84F7B5A49}.Release|Any CPU.Build.0 = Release|Any CPU
	EndGlobalSection
	GlobalSection(SolutionProperties) = preSolution
		HideSolutionNode = FALSE
	EndGlobalSection
	GlobalSection(ExtensibilityGlobals) = postSolution
		SolutionGuid = {C37AC943-8C7C-4087-8B66-1991B7FA3ADA}
	EndGlobalSection
EndGlobal
