
Microsoft Visual Studio Solution File, Format Version 12.00
# Visual Studio 15
VisualStudioVersion = 15.0.27428.2015
MinimumVisualStudioVersion = 10.0.40219.1
Project("{FAE04EC0-301F-11D3-BF4B-00C04F79EFBC}") = "Simil Explorador Windows", "Simil Explorador Windows\Simil Explorador Windows.csproj", "{678AD473-AF0D-47C4-9A5C-B63DBD4D419C}"
EndProject
Global
	GlobalSection(SolutionConfigurationPlatforms) = preSolution
		Debug|Any CPU = Debug|Any CPU
		Release|Any CPU = Release|Any CPU
	EndGlobalSection
	GlobalSection(ProjectConfigurationPlatforms) = postSolution
		{678AD473-AF0D-47C4-9A5C-B63DBD4D419C}.Debug|Any CPU.ActiveCfg = Debug|Any CPU
		{678AD473-AF0D-47C4-9A5C-B63DBD4D419C}.Debug|Any CPU.Build.0 = Debug|Any CPU
		{678AD473-AF0D-47C4-9A5C-B63DBD4D419C}.Release|Any CPU.ActiveCfg = Release|Any CPU
		{678AD473-AF0D-47C4-9A5C-B63DBD4D419C}.Release|Any CPU.Build.0 = Release|Any CPU
	EndGlobalSection
	GlobalSection(SolutionProperties) = preSolution
		HideSolutionNode = FALSE
	EndGlobalSection
	GlobalSection(ExtensibilityGlobals) = postSolution
		SolutionGuid = {E0FF9345-A185-437B-814F-4FE684F8E1A8}
	EndGlobalSection
EndGlobal
